
Microsoft Visual Studio Solution File, Format Version 11.00
# Visual Studio 2010
Project("{FAE04EC0-301F-11D3-BF4B-00C04F79EFBC}") = "bjl_sensernetwork", "bjl_sensernetwork\bjl_sensernetwork.csproj", "{F63EE2BC-CA3C-4EA7-B4F7-AE45B99DF001}"
EndProject
Global
	GlobalSection(SolutionConfigurationPlatforms) = preSolution
		Debug|x86 = Debug|x86
		Release|x86 = Release|x86
	EndGlobalSection
	GlobalSection(ProjectConfigurationPlatforms) = postSolution
		{F63EE2BC-CA3C-4EA7-B4F7-AE45B99DF001}.Debug|x86.ActiveCfg = Debug|x86
		{F63EE2BC-CA3C-4EA7-B4F7-AE45B99DF001}.Debug|x86.Build.0 = Debug|x86
		{F63EE2BC-CA3C-4EA7-B4F7-AE45B99DF001}.Release|x86.ActiveCfg = Release|x86
		{F63EE2BC-CA3C-4EA7-B4F7-AE45B99DF001}.Release|x86.Build.0 = Release|x86
	EndGlobalSection
	GlobalSection(SolutionProperties) = preSolution
		HideSolutionNode = FALSE
	EndGlobalSection
EndGlobal
